
Microsoft Visual Studio Solution File, Format Version 12.00
# Visual Studio Version 17
VisualStudioVersion = 17.5.33627.172
MinimumVisualStudioVersion = 10.0.40219.1
Project("{FAE04EC0-301F-11D3-BF4B-00C04F79EFBC}") = "HRMSApi", "HRMSApi\HRMSApi.csproj", "{3458D7F5-8742-47C2-B112-D73A00AC25AF}"
EndProject
Project("{FAE04EC0-301F-11D3-BF4B-00C04F79EFBC}") = "Model", "Model\Model.csproj", "{070C7DEF-DFEE-4B2A-9462-20F9D58ECB6E}"
EndProject
Project("{FAE04EC0-301F-11D3-BF4B-00C04F79EFBC}") = "Repository", "Repository\Repository.csproj", "{CD65C659-14F1-4831-A776-E116D076C382}"
EndProject
Global
	GlobalSection(SolutionConfigurationPlatforms) = preSolution
		Debug|Any CPU = Debug|Any CPU
		Release|Any CPU = Release|Any CPU
	EndGlobalSection
	GlobalSection(ProjectConfigurationPlatforms) = postSolution
		{3458D7F5-8742-47C2-B112-D73A00AC25AF}.Debug|Any CPU.ActiveCfg = Debug|Any CPU
		{3458D7F5-8742-47C2-B112-D73A00AC25AF}.Debug|Any CPU.Build.0 = Debug|Any CPU
		{3458D7F5-8742-47C2-B112-D73A00AC25AF}.Release|Any CPU.ActiveCfg = Release|Any CPU
		{3458D7F5-8742-47C2-B112-D73A00AC25AF}.Release|Any CPU.Build.0 = Release|Any CPU
		{070C7DEF-DFEE-4B2A-9462-20F9D58ECB6E}.Debug|Any CPU.ActiveCfg = Debug|Any CPU
		{070C7DEF-DFEE-4B2A-9462-20F9D58ECB6E}.Debug|Any CPU.Build.0 = Debug|Any CPU
		{070C7DEF-DFEE-4B2A-9462-20F9D58ECB6E}.Release|Any CPU.ActiveCfg = Release|Any CPU
		{070C7DEF-DFEE-4B2A-9462-20F9D58ECB6E}.Release|Any CPU.Build.0 = Release|Any CPU
		{CD65C659-14F1-4831-A776-E116D076C382}.Debug|Any CPU.ActiveCfg = Debug|Any CPU
		{CD65C659-14F1-4831-A776-E116D076C382}.Debug|Any CPU.Build.0 = Debug|Any CPU
		{CD65C659-14F1-4831-A776-E116D076C382}.Release|Any CPU.ActiveCfg = Release|Any CPU
		{CD65C659-14F1-4831-A776-E116D076C382}.Release|Any CPU.Build.0 = Release|Any CPU
	EndGlobalSection
	GlobalSection(SolutionProperties) = preSolution
		HideSolutionNode = FALSE
	EndGlobalSection
	GlobalSection(ExtensibilityGlobals) = postSolution
		SolutionGuid = {848C494E-F586-4B3F-B600-0A2091F85F2F}
	EndGlobalSection
EndGlobal
